
Microsoft Visual Studio Solution File, Format Version 12.00
# Visual Studio 2013
VisualStudioVersion = 12.0.31101.0
MinimumVisualStudioVersion = 10.0.40219.1
Project("{FAE04EC0-301F-11D3-BF4B-00C04F79EFBC}") = "dotNet5780_03_0761_6658", "dotNet5780_03_0761_6658\dotNet5780_03_0761_6658.csproj", "{7FAEF2C7-B0F5-40B2-AB1A-C8B419929FE2}"
EndProject
Global
	GlobalSection(SolutionConfigurationPlatforms) = preSolution
		Debug|Any CPU = Debug|Any CPU
		Release|Any CPU = Release|Any CPU
	EndGlobalSection
	GlobalSection(ProjectConfigurationPlatforms) = postSolution
		{7FAEF2C7-B0F5-40B2-AB1A-C8B419929FE2}.Debug|Any CPU.ActiveCfg = Debug|Any CPU
		{7FAEF2C7-B0F5-40B2-AB1A-C8B419929FE2}.Debug|Any CPU.Build.0 = Debug|Any CPU
		{7FAEF2C7-B0F5-40B2-AB1A-C8B419929FE2}.Release|Any CPU.ActiveCfg = Release|Any CPU
		{7FAEF2C7-B0F5-40B2-AB1A-C8B419929FE2}.Release|Any CPU.Build.0 = Release|Any CPU
	EndGlobalSection
	GlobalSection(SolutionProperties) = preSolution
		HideSolutionNode = FALSE
	EndGlobalSection
	GlobalSection(ExtensibilityGlobals) = postSolution
		SolutionGuid = {8807C1FF-EBF1-4286-A10F-F3BF169497BD}
	EndGlobalSection
EndGlobal
